
Microsoft Visual Studio Solution File, Format Version 12.00
# Visual Studio Version 17
VisualStudioVersion = 17.5.002.0
MinimumVisualStudioVersion = 10.0.40219.1
Project("{9A19103F-16F7-4668-BE54-9A1E7A4F7556}") = "FlightRecorder.BusinessLogic", "FlightRecorder.BusinessLogic.csproj", "{A666D73E-C9A8-4F30-863B-DED16DA1884F}"
EndProject
Global
	GlobalSection(SolutionConfigurationPlatforms) = preSolution
		Debug|Any CPU = Debug|Any CPU
		Release|Any CPU = Release|Any CPU
	EndGlobalSection
	GlobalSection(ProjectConfigurationPlatforms) = postSolution
		{A666D73E-C9A8-4F30-863B-DED16DA1884F}.Debug|Any CPU.ActiveCfg = Debug|Any CPU
		{A666D73E-C9A8-4F30-863B-DED16DA1884F}.Debug|Any CPU.Build.0 = Debug|Any CPU
		{A666D73E-C9A8-4F30-863B-DED16DA1884F}.Release|Any CPU.ActiveCfg = Release|Any CPU
		{A666D73E-C9A8-4F30-863B-DED16DA1884F}.Release|Any CPU.Build.0 = Release|Any CPU
	EndGlobalSection
	GlobalSection(SolutionProperties) = preSolution
		HideSolutionNode = FALSE
	EndGlobalSection
	GlobalSection(ExtensibilityGlobals) = postSolution
		SolutionGuid = {28A1C7E4-5D14-478A-A674-1CE34D499690}
	EndGlobalSection
EndGlobal
