
Microsoft Visual Studio Solution File, Format Version 12.00
# Visual Studio Version 17
VisualStudioVersion = 17.6.33829.357
MinimumVisualStudioVersion = 10.0.40219.1
Project("{9A19103F-16F7-4668-BE54-9A1E7A4F7556}") = "FlightRecorder.Api", "FlightRecorder.Api\FlightRecorder.Api.csproj", "{73A24D3B-887B-496E-A9A9-EB89412E0CD8}"
EndProject
Global
	GlobalSection(SolutionConfigurationPlatforms) = preSolution
		Debug|Any CPU = Debug|Any CPU
		Release|Any CPU = Release|Any CPU
	EndGlobalSection
	GlobalSection(ProjectConfigurationPlatforms) = postSolution
		{73A24D3B-887B-496E-A9A9-EB89412E0CD8}.Debug|Any CPU.ActiveCfg = Debug|Any CPU
		{73A24D3B-887B-496E-A9A9-EB89412E0CD8}.Debug|Any CPU.Build.0 = Debug|Any CPU
		{73A24D3B-887B-496E-A9A9-EB89412E0CD8}.Release|Any CPU.ActiveCfg = Release|Any CPU
		{73A24D3B-887B-496E-A9A9-EB89412E0CD8}.Release|Any CPU.Build.0 = Release|Any CPU
	EndGlobalSection
	GlobalSection(SolutionProperties) = preSolution
		HideSolutionNode = FALSE
	EndGlobalSection
	GlobalSection(ExtensibilityGlobals) = postSolution
		SolutionGuid = {6FA9DD7D-331E-49D6-B5B5-9D8B0F9BEBF3}
	EndGlobalSection
EndGlobal
